# This file is generated by running "yarn install" inside your project.
# Manual changes might be lost - proceed with caution!

__metadata:
  version: 8
  cacheKey: 10c0

"@biomejs/biome@npm:2.2.2":
  version: 2.2.2
  resolution: "@biomejs/biome@npm:2.2.2"
  dependencies:
    "@biomejs/cli-darwin-arm64": "npm:2.2.2"
    "@biomejs/cli-darwin-x64": "npm:2.2.2"
    "@biomejs/cli-linux-arm64": "npm:2.2.2"
    "@biomejs/cli-linux-arm64-musl": "npm:2.2.2"
    "@biomejs/cli-linux-x64": "npm:2.2.2"
    "@biomejs/cli-linux-x64-musl": "npm:2.2.2"
    "@biomejs/cli-win32-arm64": "npm:2.2.2"
    "@biomejs/cli-win32-x64": "npm:2.2.2"
  dependenciesMeta:
    "@biomejs/cli-darwin-arm64":
      optional: true
    "@biomejs/cli-darwin-x64":
      optional: true
    "@biomejs/cli-linux-arm64":
      optional: true
    "@biomejs/cli-linux-arm64-musl":
      optional: true
    "@biomejs/cli-linux-x64":
      optional: true
    "@biomejs/cli-linux-x64-musl":
      optional: true
    "@biomejs/cli-win32-arm64":
      optional: true
    "@biomejs/cli-win32-x64":
      optional: true
  bin:
    biome: bin/biome
  checksum: 10c0/108690efd8c3a5fcee9faf89371319b2d066208e8adbb05855650032a1cc9afc98ec4206b73b0be2c49cdf64ef765cf5a24785456b814d5846ab65b293791daf
  languageName: node
  linkType: hard

"@biomejs/cli-darwin-arm64@npm:2.2.2":
  version: 2.2.2
  resolution: "@biomejs/cli-darwin-arm64@npm:2.2.2"
  conditions: os=darwin & cpu=arm64
  languageName: node
  linkType: hard

"@biomejs/cli-darwin-x64@npm:2.2.2":
  version: 2.2.2
  resolution: "@biomejs/cli-darwin-x64@npm:2.2.2"
  conditions: os=darwin & cpu=x64
  languageName: node
  linkType: hard

"@biomejs/cli-linux-arm64-musl@npm:2.2.2":
  version: 2.2.2
  resolution: "@biomejs/cli-linux-arm64-musl@npm:2.2.2"
  conditions: os=linux & cpu=arm64 & libc=musl
  languageName: node
  linkType: hard

"@biomejs/cli-linux-arm64@npm:2.2.2":
  version: 2.2.2
  resolution: "@biomejs/cli-linux-arm64@npm:2.2.2"
  conditions: os=linux & cpu=arm64 & libc=glibc
  languageName: node
  linkType: hard

"@biomejs/cli-linux-x64-musl@npm:2.2.2":
  version: 2.2.2
  resolution: "@biomejs/cli-linux-x64-musl@npm:2.2.2"
  conditions: os=linux & cpu=x64 & libc=musl
  languageName: node
  linkType: hard

"@biomejs/cli-linux-x64@npm:2.2.2":
  version: 2.2.2
  resolution: "@biomejs/cli-linux-x64@npm:2.2.2"
  conditions: os=linux & cpu=x64 & libc=glibc
  languageName: node
  linkType: hard

"@biomejs/cli-win32-arm64@npm:2.2.2":
  version: 2.2.2
  resolution: "@biomejs/cli-win32-arm64@npm:2.2.2"
  conditions: os=win32 & cpu=arm64
  languageName: node
  linkType: hard

"@biomejs/cli-win32-x64@npm:2.2.2":
  version: 2.2.2
  resolution: "@biomejs/cli-win32-x64@npm:2.2.2"
  conditions: os=win32 & cpu=x64
  languageName: node
  linkType: hard

"@types/react-native@npm:^0.70.8":
  version: 0.70.13
  resolution: "@types/react-native@npm:0.70.13"
  dependencies:
    "@types/react": "npm:*"
  checksum: 10c0/0810efdc63770da881160f84cd83e5208a752c5dc2c59de5ecfbc9ee4130fec2a3c10c98cc4c728cee434b566c33408d6828f0d4ec746e45a6c518146b32f3f9
  languageName: node
  linkType: hard

"@types/react@npm:*, @types/react@npm:^19.2.0":
  version: 19.2.14
  resolution: "@types/react@npm:19.2.14"
  dependencies:
    csstype: "npm:^3.2.2"
  checksum: 10c0/7d25bf41b57719452d86d2ac0570b659210402707313a36ee612666bf11275a1c69824f8c3ee1fdca077ccfe15452f6da8f1224529b917050eb2d861e52b59b7
  languageName: node
  linkType: hard

"@wojtekmaj/react-native-qr-svg-monorepo@workspace:.":
  version: 0.0.0-use.local
  resolution: "@wojtekmaj/react-native-qr-svg-monorepo@workspace:."
  dependencies:
    husky: "npm:^9.0.0"
  languageName: unknown
  linkType: soft

"@wojtekmaj/react-native-qr-svg@workspace:packages/react-native-qr-svg":
  version: 0.0.0-use.local
  resolution: "@wojtekmaj/react-native-qr-svg@workspace:packages/react-native-qr-svg"
  dependencies:
    "@biomejs/biome": "npm:2.2.2"
    "@types/react": "npm:^19.2.0"
    "@types/react-native": "npm:^0.70.8"
    qrcode-generator: "npm:^2.0.4"
    react: "npm:^19.2.0"
    react-native-svg: "npm:^15.0.0"
    typescript: "npm:^5.9.2"
  peerDependencies:
    "@types/react": ^16.8.0 || ^17.0.0 || ^18.0.0 || ^19.0.0
    react: ^16.8.0 || ^17.0.0 || ^18.0.0 || ^19.0.0
    react-native: "*"
    react-native-svg: ^12.0.0 || ^13.0.0 || ^14.0.0 || ^15.0.0
  peerDependenciesMeta:
    "@types/react":
      optional: true
  languageName: unknown
  linkType: soft

"boolbase@npm:^1.0.0":
  version: 1.0.0
  resolution: "boolbase@npm:1.0.0"
  checksum: 10c0/e4b53deb4f2b85c52be0e21a273f2045c7b6a6ea002b0e139c744cb6f95e9ec044439a52883b0d74dedd1ff3da55ed140cfdddfed7fb0cccbed373de5dce1bcf
  languageName: node
  linkType: hard

"css-select@npm:^5.1.0":
  version: 5.1.0
  resolution: "css-select@npm:5.1.0"
  dependencies:
    boolbase: "npm:^1.0.0"
    css-what: "npm:^6.1.0"
    domhandler: "npm:^5.0.2"
    domutils: "npm:^3.0.1"
    nth-check: "npm:^2.0.1"
  checksum: 10c0/551c60dba5b54054741032c1793b5734f6ba45e23ae9e82761a3c0ed1acbb8cfedfa443aaba3a3c1a54cac12b456d2012a09d2cd5f0e82e430454c1b9d84d500
  languageName: node
  linkType: hard

"css-tree@npm:^1.1.3":
  version: 1.1.3
  resolution: "css-tree@npm:1.1.3"
  dependencies:
    mdn-data: "npm:2.0.14"
    source-map: "npm:^0.6.1"
  checksum: 10c0/499a507bfa39b8b2128f49736882c0dd636b0cd3370f2c69f4558ec86d269113286b7df469afc955de6a68b0dba00bc533e40022a73698081d600072d5d83c1c
  languageName: node
  linkType: hard

"css-what@npm:^6.1.0":
  version: 6.1.0
  resolution: "css-what@npm:6.1.0"
  checksum: 10c0/a09f5a6b14ba8dcf57ae9a59474722e80f20406c53a61e9aedb0eedc693b135113ffe2983f4efc4b5065ae639442e9ae88df24941ef159c218b231011d733746
  languageName: node
  linkType: hard

"csstype@npm:^3.2.2":
  version: 3.2.3
  resolution: "csstype@npm:3.2.3"
  checksum: 10c0/cd29c51e70fa822f1cecd8641a1445bed7063697469d35633b516e60fe8c1bde04b08f6c5b6022136bb669b64c63d4173af54864510fbb4ee23281801841a3ce
  languageName: node
  linkType: hard

"dom-serializer@npm:^2.0.0":
  version: 2.0.0
  resolution: "dom-serializer@npm:2.0.0"
  dependencies:
    domelementtype: "npm:^2.3.0"
    domhandler: "npm:^5.0.2"
    entities: "npm:^4.2.0"
  checksum: 10c0/d5ae2b7110ca3746b3643d3ef60ef823f5f078667baf530cec096433f1627ec4b6fa8c072f09d079d7cda915fd2c7bc1b7b935681e9b09e591e1e15f4040b8e2
  languageName: node
  linkType: hard

"domelementtype@npm:^2.3.0":
  version: 2.3.0
  resolution: "domelementtype@npm:2.3.0"
  checksum: 10c0/686f5a9ef0fff078c1412c05db73a0dce096190036f33e400a07e2a4518e9f56b1e324f5c576a0a747ef0e75b5d985c040b0d51945ce780c0dd3c625a18cd8c9
  languageName: node
  linkType: hard

"domhandler@npm:^5.0.1, domhandler@npm:^5.0.2":
  version: 5.0.3
  resolution: "domhandler@npm:5.0.3"
  dependencies:
    domelementtype: "npm:^2.3.0"
  checksum: 10c0/bba1e5932b3e196ad6862286d76adc89a0dbf0c773e5ced1eb01f9af930c50093a084eff14b8de5ea60b895c56a04d5de8bbc4930c5543d029091916770b2d2a
  languageName: node
  linkType: hard

"domutils@npm:^3.0.1":
  version: 3.0.1
  resolution: "domutils@npm:3.0.1"
  dependencies:
    dom-serializer: "npm:^2.0.0"
    domelementtype: "npm:^2.3.0"
    domhandler: "npm:^5.0.1"
  checksum: 10c0/8ec14e7e54f58cae0062fa9aaf97c05a094733ff6df8ede588c57d96799ceb45d1ea46479e8dd285f43af43b3e7618a501b2b41d2c2080078d5947b5fee2b5f9
  languageName: node
  linkType: hard

"entities@npm:^4.2.0":
  version: 4.4.0
  resolution: "entities@npm:4.4.0"
  checksum: 10c0/b7971419897622d3996bbbff99249e166caaaf3ea95d3841d6dc5d3bf315f133b649fbe932623e3cc527d871112e7563a8284e24f23e472126aa90c4e9c3215b
  languageName: node
  linkType: hard

"husky@npm:^9.0.0":
  version: 9.0.7
  resolution: "husky@npm:9.0.7"
  bin:
    husky: bin.js
  checksum: 10c0/ac36838bc230b42ca878eeb6993cba5499b858700581fa9e8b579227af9ad47bdbf4c050f4145f51f33f77c16d359f329622b7050150c78a7c52be26cc24174e
  languageName: node
  linkType: hard

"mdn-data@npm:2.0.14":
  version: 2.0.14
  resolution: "mdn-data@npm:2.0.14"
  checksum: 10c0/67241f8708c1e665a061d2b042d2d243366e93e5bf1f917693007f6d55111588b952dcbfd3ea9c2d0969fb754aad81b30fdcfdcc24546495fc3b24336b28d4bd
  languageName: node
  linkType: hard

"nth-check@npm:^2.0.1":
  version: 2.1.1
  resolution: "nth-check@npm:2.1.1"
  dependencies:
    boolbase: "npm:^1.0.0"
  checksum: 10c0/5fee7ff309727763689cfad844d979aedd2204a817fbaaf0e1603794a7c20db28548d7b024692f953557df6ce4a0ee4ae46cd8ebd9b36cfb300b9226b567c479
  languageName: node
  linkType: hard

"qrcode-generator@npm:^2.0.4":
  version: 2.0.4
  resolution: "qrcode-generator@npm:2.0.4"
  checksum: 10c0/52dc3894bda6afecf09cb36aba9c181f3c4641fcbeac40c2af05d68da1383e3a1c7354bd3dc8c5e2a199d2e62314bbdec8cb4fbbd00bcfda40de56bb36bfdb17
  languageName: node
  linkType: hard

"react-native-svg@npm:^15.0.0":
  version: 15.1.0
  resolution: "react-native-svg@npm:15.1.0"
  dependencies:
    css-select: "npm:^5.1.0"
    css-tree: "npm:^1.1.3"
  peerDependencies:
    react: "*"
    react-native: "*"
  checksum: 10c0/7f94bf59fba7f9b7181b425afe367742172991e78303add5713d29dd972a6ba8a5cabd66bc340439c0067d5ac4c929af740446a513150de91d4a0c3457ed630d
  languageName: node
  linkType: hard

"react@npm:^19.2.0":
  version: 19.2.4
  resolution: "react@npm:19.2.4"
  checksum: 10c0/cd2c9ff67a720799cc3b38a516009986f7fc4cb8d3e15716c6211cf098d1357ee3e348ab05ad0600042bbb0fd888530ba92e329198c92eafa0994f5213396596
  languageName: node
  linkType: hard

"source-map@npm:^0.6.1":
  version: 0.6.1
  resolution: "source-map@npm:0.6.1"
  checksum: 10c0/ab55398007c5e5532957cb0beee2368529618ac0ab372d789806f5718123cc4367d57de3904b4e6a4170eb5a0b0f41373066d02ca0735a0c4d75c7d328d3e011
  languageName: node
  linkType: hard

"typescript@npm:^5.9.2":
  version: 5.9.2
  resolution: "typescript@npm:5.9.2"
  bin:
    tsc: bin/tsc
    tsserver: bin/tsserver
  checksum: 10c0/cd635d50f02d6cf98ed42de2f76289701c1ec587a363369255f01ed15aaf22be0813226bff3c53e99d971f9b540e0b3cc7583dbe05faded49b1b0bed2f638a18
  languageName: node
  linkType: hard

"typescript@patch:typescript@npm%3A^5.9.2#optional!builtin<compat/typescript>":
  version: 5.9.2
  resolution: "typescript@patch:typescript@npm%3A5.9.2#optional!builtin<compat/typescript>::version=5.9.2&hash=5786d5"
  bin:
    tsc: bin/tsc
    tsserver: bin/tsserver
  checksum: 10c0/34d2a8e23eb8e0d1875072064d5e1d9c102e0bdce56a10a25c0b917b8aa9001a9cf5c225df12497e99da107dc379360bc138163c66b55b95f5b105b50578067e
  languageName: node
  linkType: hard
